
Microsoft Visual Studio Solution File, Format Version 12.00
# Visual Studio 15
VisualStudioVersion = 15.0.28307.572
MinimumVisualStudioVersion = 10.0.40219.1
Project("{FAE04EC0-301F-11D3-BF4B-00C04F79EFBC}") = "Cuahangbangas", "Cuahangbangas\Cuahangbangas.csproj", "{9649B8DB-C5F1-402A-8CBB-3881F7C6CE53}"
EndProject
Global
	GlobalSection(SolutionConfigurationPlatforms) = preSolution
		Debug|Any CPU = Debug|Any CPU
		Release|Any CPU = Release|Any CPU
	EndGlobalSection
	GlobalSection(ProjectConfigurationPlatforms) = postSolution
		{9649B8DB-C5F1-402A-8CBB-3881F7C6CE53}.Debug|Any CPU.ActiveCfg = Debug|Any CPU
		{9649B8DB-C5F1-402A-8CBB-3881F7C6CE53}.Debug|Any CPU.Build.0 = Debug|Any CPU
		{9649B8DB-C5F1-402A-8CBB-3881F7C6CE53}.Release|Any CPU.ActiveCfg = Release|Any CPU
		{9649B8DB-C5F1-402A-8CBB-3881F7C6CE53}.Release|Any CPU.Build.0 = Release|Any CPU
	EndGlobalSection
	GlobalSection(SolutionProperties) = preSolution
		HideSolutionNode = FALSE
	EndGlobalSection
	GlobalSection(ExtensibilityGlobals) = postSolution
		SolutionGuid = {EF49F7E8-500D-4AE2-BA7A-9043ACCAC391}
	EndGlobalSection
EndGlobal
